{
  "name": "ac-express-routerd",
  "version": "1.0.0",
  "lockfileVersion": 1,
  "requires": true,
  "dependencies": {
    "ac-bodyparser": {
      "version": "github:autumncoffee/js-bodyparser#c62178acbd93602cd74e613a9ab8647a751da3a0",
      "from": "github:autumncoffee/js-bodyparser#v1.0.2",
      "requires": {
        "ac-common": "github:autumncoffee/cxx-common#v1.0.2",
        "ac-library": "github:autumncoffee/cxx-library#v1.0.5",
        "bindings": "~1.2.1",
        "node-addon-api": "^1.0.0"
      }
    },
    "ac-common": {
      "version": "github:autumncoffee/cxx-common#a77541686d478b52d6bd08f80ea4b89898e796ba",
      "from": "github:autumncoffee/cxx-common#v1.0.2"
    },
    "ac-library": {
      "version": "github:autumncoffee/cxx-library#0d2c68c761e9323830ba800ae240d79e22b3831e",
      "from": "github:autumncoffee/cxx-library#v1.0.5"
    },
    "bindings": {
      "version": "1.2.1",
      "resolved": "https://registry.npmjs.org/bindings/-/bindings-1.2.1.tgz",
      "integrity": "sha1-FK1hE4EtLTfXLme0ystLtyZQXxE="
    },
    "node-addon-api": {
      "version": "1.7.2",
      "resolved": "https://registry.npmjs.org/node-addon-api/-/node-addon-api-1.7.2.tgz",
      "integrity": "sha512-ibPK3iA+vaY1eEjESkQkM0BbCqFOaZMiXRTtdB0u7b4djtY6JnsjvPdUHVMg6xQt3B8fpTTWHI9A+ADjM9frzg=="
    }
  }
}
